
Microsoft Visual Studio Solution File, Format Version 12.00
# Visual Studio Version 16
VisualStudioVersion = 16.0.30011.22
MinimumVisualStudioVersion = 10.0.40219.1
Project("{FAE04EC0-301F-11D3-BF4B-00C04F79EFBC}") = "FirstProject", "FirstProject\FirstProject.csproj", "{6D30FEC4-2C88-46EF-8ED1-D8C93F652FD3}"
EndProject
Global
	GlobalSection(SolutionConfigurationPlatforms) = preSolution
		Debug|Any CPU = Debug|Any CPU
		Release|Any CPU = Release|Any CPU
	EndGlobalSection
	GlobalSection(ProjectConfigurationPlatforms) = postSolution
		{6D30FEC4-2C88-46EF-8ED1-D8C93F652FD3}.Debug|Any CPU.ActiveCfg = Debug|Any CPU
		{6D30FEC4-2C88-46EF-8ED1-D8C93F652FD3}.Debug|Any CPU.Build.0 = Debug|Any CPU
		{6D30FEC4-2C88-46EF-8ED1-D8C93F652FD3}.Release|Any CPU.ActiveCfg = Release|Any CPU
		{6D30FEC4-2C88-46EF-8ED1-D8C93F652FD3}.Release|Any CPU.Build.0 = Release|Any CPU
	EndGlobalSection
	GlobalSection(SolutionProperties) = preSolution
		HideSolutionNode = FALSE
	EndGlobalSection
	GlobalSection(ExtensibilityGlobals) = postSolution
		SolutionGuid = {34170CF3-FF7A-4BFF-B5F0-8C5A1142A89D}
	EndGlobalSection
EndGlobal
